
Microsoft Visual Studio Solution File, Format Version 12.00
# Visual Studio Version 16
VisualStudioVersion = 16.0.32802.440
MinimumVisualStudioVersion = 10.0.40219.1
Project("{FAE04EC0-301F-11D3-BF4B-00C04F79EFBC}") = "BancoTests", "BancoTests.csproj", "{38F81F57-64F0-4873-92AB-41647EB4C6E2}"
EndProject
Global
	GlobalSection(SolutionConfigurationPlatforms) = preSolution
		Debug|Any CPU = Debug|Any CPU
		Release|Any CPU = Release|Any CPU
	EndGlobalSection
	GlobalSection(ProjectConfigurationPlatforms) = postSolution
		{38F81F57-64F0-4873-92AB-41647EB4C6E2}.Debug|Any CPU.ActiveCfg = Debug|Any CPU
		{38F81F57-64F0-4873-92AB-41647EB4C6E2}.Debug|Any CPU.Build.0 = Debug|Any CPU
		{38F81F57-64F0-4873-92AB-41647EB4C6E2}.Release|Any CPU.ActiveCfg = Release|Any CPU
		{38F81F57-64F0-4873-92AB-41647EB4C6E2}.Release|Any CPU.Build.0 = Release|Any CPU
	EndGlobalSection
	GlobalSection(SolutionProperties) = preSolution
		HideSolutionNode = FALSE
	EndGlobalSection
	GlobalSection(ExtensibilityGlobals) = postSolution
		SolutionGuid = {966B7B47-4481-4DA0-ACA7-156D5F42D380}
	EndGlobalSection
EndGlobal
